
Microsoft Visual Studio Solution File, Format Version 12.00
# Visual Studio Version 16
VisualStudioVersion = 16.0.30517.126
MinimumVisualStudioVersion = 15.0.26124.0
Project("{9A19103F-16F7-4668-BE54-9A1E7A4F7556}") = "SportsStore", "SportsStore\SportsStore.csproj", "{5FA961BE-D1A8-40F7-8E52-FF84E2AEBBE9}"
EndProject
Project("{9A19103F-16F7-4668-BE54-9A1E7A4F7556}") = "SportsStore.Tests", "SportsStore.Tests\SportsStore.Tests.csproj", "{0D64962C-7341-4AB7-A0A8-64282477703B}"
EndProject
Global
	GlobalSection(SolutionConfigurationPlatforms) = preSolution
		Debug|Any CPU = Debug|Any CPU
		Debug|x64 = Debug|x64
		Debug|x86 = Debug|x86
		Release|Any CPU = Release|Any CPU
		Release|x64 = Release|x64
		Release|x86 = Release|x86
	EndGlobalSection
	GlobalSection(ProjectConfigurationPlatforms) = postSolution
		{5FA961BE-D1A8-40F7-8E52-FF84E2AEBBE9}.Debug|Any CPU.ActiveCfg = Debug|Any CPU
		{5FA961BE-D1A8-40F7-8E52-FF84E2AEBBE9}.Debug|Any CPU.Build.0 = Debug|Any CPU
		{5FA961BE-D1A8-40F7-8E52-FF84E2AEBBE9}.Debug|x64.ActiveCfg = Debug|Any CPU
		{5FA961BE-D1A8-40F7-8E52-FF84E2AEBBE9}.Debug|x64.Build.0 = Debug|Any CPU
		{5FA961BE-D1A8-40F7-8E52-FF84E2AEBBE9}.Debug|x86.ActiveCfg = Debug|Any CPU
		{5FA961BE-D1A8-40F7-8E52-FF84E2AEBBE9}.Debug|x86.Build.0 = Debug|Any CPU
		{5FA961BE-D1A8-40F7-8E52-FF84E2AEBBE9}.Release|Any CPU.ActiveCfg = Release|Any CPU
		{5FA961BE-D1A8-40F7-8E52-FF84E2AEBBE9}.Release|Any CPU.Build.0 = Release|Any CPU
		{5FA961BE-D1A8-40F7-8E52-FF84E2AEBBE9}.Release|x64.ActiveCfg = Release|Any CPU
		{5FA961BE-D1A8-40F7-8E52-FF84E2AEBBE9}.Release|x64.Build.0 = Release|Any CPU
		{5FA961BE-D1A8-40F7-8E52-FF84E2AEBBE9}.Release|x86.ActiveCfg = Release|Any CPU
		{5FA961BE-D1A8-40F7-8E52-FF84E2AEBBE9}.Release|x86.Build.0 = Release|Any CPU
		{0D64962C-7341-4AB7-A0A8-64282477703B}.Debug|Any CPU.ActiveCfg = Debug|Any CPU
		{0D64962C-7341-4AB7-A0A8-64282477703B}.Debug|Any CPU.Build.0 = Debug|Any CPU
		{0D64962C-7341-4AB7-A0A8-64282477703B}.Debug|x64.ActiveCfg = Debug|Any CPU
		{0D64962C-7341-4AB7-A0A8-64282477703B}.Debug|x64.Build.0 = Debug|Any CPU
		{0D64962C-7341-4AB7-A0A8-64282477703B}.Debug|x86.ActiveCfg = Debug|Any CPU
		{0D64962C-7341-4AB7-A0A8-64282477703B}.Debug|x86.Build.0 = Debug|Any CPU
		{0D64962C-7341-4AB7-A0A8-64282477703B}.Release|Any CPU.ActiveCfg = Release|Any CPU
		{0D64962C-7341-4AB7-A0A8-64282477703B}.Release|Any CPU.Build.0 = Release|Any CPU
		{0D64962C-7341-4AB7-A0A8-64282477703B}.Release|x64.ActiveCfg = Release|Any CPU
		{0D64962C-7341-4AB7-A0A8-64282477703B}.Release|x64.Build.0 = Release|Any CPU
		{0D64962C-7341-4AB7-A0A8-64282477703B}.Release|x86.ActiveCfg = Release|Any CPU
		{0D64962C-7341-4AB7-A0A8-64282477703B}.Release|x86.Build.0 = Release|Any CPU
	EndGlobalSection
	GlobalSection(SolutionProperties) = preSolution
		HideSolutionNode = FALSE
	EndGlobalSection
	GlobalSection(ExtensibilityGlobals) = postSolution
		SolutionGuid = {A1797446-D663-47CB-A4D3-55A7690AD714}
	EndGlobalSection
EndGlobal
